// !$*UTF8*$!
{
	archiveVersion = 1;
	classes = {
	};
	objectVersion = 50;
	objects = {

/* Begin PBXBuildFile section */
		8D141CD121F7036E00597C07 /* UserViewController.swift in Sources */ = {isa = PBXBuildFile; fileRef = 8D141CD021F7036E00597C07 /* UserViewController.swift */; };
		8DA9360421F239460082FC70 /* Transaction.swift in Sources */ = {isa = PBXBuildFile; fileRef = 8DA9360321F239460082FC70 /* Transaction.swift */; };
		8DA9360621F239590082FC70 /* User.swift in Sources */ = {isa = PBXBuildFile; fileRef = 8DA9360521F239590082FC70 /* User.swift */; };
		8DA9360821F2F5FC0082FC70 /* TransactionsViewModel.swift in Sources */ = {isa = PBXBuildFile; fileRef = 8DA9360721F2F5FC0082FC70 /* TransactionsViewModel.swift */; };
		8DF46F0821F02FD900ABB608 /* AppDelegate.swift in Sources */ = {isa = PBXBuildFile; fileRef = 8DF46F0721F02FD900ABB608 /* AppDelegate.swift */; };
		8DF46F0A21F02FD900ABB608 /* TransactionsViewController.swift in Sources */ = {isa = PBXBuildFile; fileRef = 8DF46F0921F02FD900ABB608 /* TransactionsViewController.swift */; };
		8DF46F0F21F02FDA00ABB608 /* Assets.xcassets in Resources */ = {isa = PBXBuildFile; fileRef = 8DF46F0E21F02FDA00ABB608 /* Assets.xcassets */; };
		8DF46F1221F02FDA00ABB608 /* LaunchScreen.storyboard in Resources */ = {isa = PBXBuildFile; fileRef = 8DF46F1021F02FDA00ABB608 /* LaunchScreen.storyboard */; };
		8DF46F1D21F02FDA00ABB608 /* rxconiqTests.swift in Sources */ = {isa = PBXBuildFile; fileRef = 8DF46F1C21F02FDA00ABB608 /* rxconiqTests.swift */; };
		8DF46F2821F02FDA00ABB608 /* rxconiqUITests.swift in Sources */ = {isa = PBXBuildFile; fileRef = 8DF46F2721F02FDA00ABB608 /* rxconiqUITests.swift */; };
		B692F14701B5BCC729F50655 /* Pods_rxconiq.framework in Frameworks */ = {isa = PBXBuildFile; fileRef = 0979C0142C08A5239D298628 /* Pods_rxconiq.framework */; };
		F71DCA8E4EA78180F55B5110 /* Pods_rxconiqTests.framework in Frameworks */ = {isa = PBXBuildFile; fileRef = 10C61B8CB38BDB425C9712B1 /* Pods_rxconiqTests.framework */; };
/* End PBXBuildFile section */

/* Begin PBXContainerItemProxy section */
		8DF46F1921F02FDA00ABB608 /* PBXContainerItemProxy */ = {
			isa = PBXContainerItemProxy;
			containerPortal = 8DF46EFC21F02FD900ABB608 /* Project object */;
			proxyType = 1;
			remoteGlobalIDString = 8DF46F0321F02FD900ABB608;
			remoteInfo = rxconiq;
		};
		8DF46F2421F02FDA00ABB608 /* PBXContainerItemProxy */ = {
			isa = PBXContainerItemProxy;
			containerPortal = 8DF46EFC21F02FD900ABB608 /* Project object */;
			proxyType = 1;
			remoteGlobalIDString = 8DF46F0321F02FD900ABB608;
			remoteInfo = rxconiq;
		};
/* End PBXContainerItemProxy section */

/* Begin PBXFileReference section */
		0979C0142C08A5239D298628 /* Pods_rxconiq.framework */ = {isa = PBXFileReference; explicitFileType = wrapper.framework; includeInIndex = 0; path = Pods_rxconiq.framework; sourceTree = BUILT_PRODUCTS_DIR; };
		10C61B8CB38BDB425C9712B1 /* Pods_rxconiqTests.framework */ = {isa = PBXFileReference; explicitFileType = wrapper.framework; includeInIndex = 0; path = Pods_rxconiqTests.framework; sourceTree = BUILT_PRODUCTS_DIR; };
		3187C0C8FEF07E61D24BF936 /* Pods-rxconiqTests.debug.xcconfig */ = {isa = PBXFileReference; includeInIndex = 1; lastKnownFileType = text.xcconfig; name = "Pods-rxconiqTests.debug.xcconfig"; path = "Target Support Files/Pods-rxconiqTests/Pods-rxconiqTests.debug.xcconfig"; sourceTree = "<group>"; };
		58E0388CE8991CF65DC274CD /* Pods-rxconiqTests.release.xcconfig */ = {isa = PBXFileReference; includeInIndex = 1; lastKnownFileType = text.xcconfig; name = "Pods-rxconiqTests.release.xcconfig"; path = "Target Support Files/Pods-rxconiqTests/Pods-rxconiqTests.release.xcconfig"; sourceTree = "<group>"; };
		6AFB1F66C4D1D2386D958DC8 /* Pods-rxconiq.release.xcconfig */ = {isa = PBXFileReference; includeInIndex = 1; lastKnownFileType = text.xcconfig; name = "Pods-rxconiq.release.xcconfig"; path = "Target Support Files/Pods-rxconiq/Pods-rxconiq.release.xcconfig"; sourceTree = "<group>"; };
		8D141CD021F7036E00597C07 /* UserViewController.swift */ = {isa = PBXFileReference; lastKnownFileType = sourcecode.swift; path = UserViewController.swift; sourceTree = "<group>"; };
		8DA9360321F239460082FC70 /* Transaction.swift */ = {isa = PBXFileReference; lastKnownFileType = sourcecode.swift; path = Transaction.swift; sourceTree = "<group>"; };
		8DA9360521F239590082FC70 /* User.swift */ = {isa = PBXFileReference; lastKnownFileType = sourcecode.swift; path = User.swift; sourceTree = "<group>"; };
		8DA9360721F2F5FC0082FC70 /* TransactionsViewModel.swift */ = {isa = PBXFileReference; lastKnownFileType = sourcecode.swift; path = TransactionsViewModel.swift; sourceTree = "<group>"; };
		8DF46F0421F02FD900ABB608 /* rxconiq.app */ = {isa = PBXFileReference; explicitFileType = wrapper.application; includeInIndex = 0; path = rxconiq.app; sourceTree = BUILT_PRODUCTS_DIR; };
		8DF46F0721F02FD900ABB608 /* AppDelegate.swift */ = {isa = PBXFileReference; lastKnownFileType = sourcecode.swift; path = AppDelegate.swift; sourceTree = "<group>"; };
		8DF46F0921F02FD900ABB608 /* TransactionsViewController.swift */ = {isa = PBXFileReference; lastKnownFileType = sourcecode.swift; path = TransactionsViewController.swift; sourceTree = "<group>"; };
		8DF46F0E21F02FDA00ABB608 /* Assets.xcassets */ = {isa = PBXFileReference; lastKnownFileType = folder.assetcatalog; path = Assets.xcassets; sourceTree = "<group>"; };
		8DF46F1121F02FDA00ABB608 /* Base */ = {isa = PBXFileReference; lastKnownFileType = file.storyboard; name = Base; path = Base.lproj/LaunchScreen.storyboard; sourceTree = "<group>"; };
		8DF46F1321F02FDA00ABB608 /* Info.plist */ = {isa = PBXFileReference; lastKnownFileType = text.plist.xml; path = Info.plist; sourceTree = "<group>"; };
		8DF46F1821F02FDA00ABB608 /* rxconiqTests.xctest */ = {isa = PBXFileReference; explicitFileType = wrapper.cfbundle; includeInIndex = 0; path = rxconiqTests.xctest; sourceTree = BUILT_PRODUCTS_DIR; };
		8DF46F1C21F02FDA00ABB608 /* rxconiqTests.swift */ = {isa = PBXFileReference; lastKnownFileType = sourcecode.swift; path = rxconiqTests.swift; sourceTree = "<group>"; };
		8DF46F1E21F02FDA00ABB608 /* Info.plist */ = {isa = PBXFileReference; lastKnownFileType = text.plist.xml; path = Info.plist; sourceTree = "<group>"; };
		8DF46F2321F02FDA00ABB608 /* rxconiqUITests.xctest */ = {isa = PBXFileReference; explicitFileType = wrapper.cfbundle; includeInIndex = 0; path = rxconiqUITests.xctest; sourceTree = BUILT_PRODUCTS_DIR; };
		8DF46F2721F02FDA00ABB608 /* rxconiqUITests.swift */ = {isa = PBXFileReference; lastKnownFileType = sourcecode.swift; path = rxconiqUITests.swift; sourceTree = "<group>"; };
		8DF46F2921F02FDA00ABB608 /* Info.plist */ = {isa = PBXFileReference; lastKnownFileType = text.plist.xml; path = Info.plist; sourceTree = "<group>"; };
		C1E74EB3F8B546E67E38622E /* Pods-rxconiq.debug.xcconfig */ = {isa = PBXFileReference; includeInIndex = 1; lastKnownFileType = text.xcconfig; name = "Pods-rxconiq.debug.xcconfig"; path = "Target Support Files/Pods-rxconiq/Pods-rxconiq.debug.xcconfig"; sourceTree = "<group>"; };
/* End PBXFileReference section */

/* Begin PBXFrameworksBuildPhase section */
		8DF46F0121F02FD900ABB608 /* Frameworks */ = {
			isa = PBXFrameworksBuildPhase;
			buildActionMask = 2147483647;
			files = (
				B692F14701B5BCC729F50655 /* Pods_rxconiq.framework in Frameworks */,
			);
			runOnlyForDeploymentPostprocessing = 0;
		};
		8DF46F1521F02FDA00ABB608 /* Frameworks */ = {
			isa = PBXFrameworksBuildPhase;
			buildActionMask = 2147483647;
			files = (
				F71DCA8E4EA78180F55B5110 /* Pods_rxconiqTests.framework in Frameworks */,
			);
			runOnlyForDeploymentPostprocessing = 0;
		};
		8DF46F2021F02FDA00ABB608 /* Frameworks */ = {
			isa = PBXFrameworksBuildPhase;
			buildActionMask = 2147483647;
			files = (
			);
			runOnlyForDeploymentPostprocessing = 0;
		};
/* End PBXFrameworksBuildPhase section */

/* Begin PBXGroup section */
		2F1A79DE183261F3CECD337E /* Frameworks */ = {
			isa = PBXGroup;
			children = (
				0979C0142C08A5239D298628 /* Pods_rxconiq.framework */,
				10C61B8CB38BDB425C9712B1 /* Pods_rxconiqTests.framework */,
			);
			name = Frameworks;
			sourceTree = "<group>";
		};
		8C47D5A917AA47F421FFCEC6 /* Pods */ = {
			isa = PBXGroup;
			children = (
				C1E74EB3F8B546E67E38622E /* Pods-rxconiq.debug.xcconfig */,
				6AFB1F66C4D1D2386D958DC8 /* Pods-rxconiq.release.xcconfig */,
				3187C0C8FEF07E61D24BF936 /* Pods-rxconiqTests.debug.xcconfig */,
				58E0388CE8991CF65DC274CD /* Pods-rxconiqTests.release.xcconfig */,
			);
			path = Pods;
			sourceTree = "<group>";
		};
		8DF46EFB21F02FD900ABB608 = {
			isa = PBXGroup;
			children = (
				8DF46F0621F02FD900ABB608 /* rxconiq */,
				8DF46F1B21F02FDA00ABB608 /* rxconiqTests */,
				8DF46F2621F02FDA00ABB608 /* rxconiqUITests */,
				8DF46F0521F02FD900ABB608 /* Products */,
				8C47D5A917AA47F421FFCEC6 /* Pods */,
				2F1A79DE183261F3CECD337E /* Frameworks */,
			);
			sourceTree = "<group>";
		};
		8DF46F0521F02FD900ABB608 /* Products */ = {
			isa = PBXGroup;
			children = (
				8DF46F0421F02FD900ABB608 /* rxconiq.app */,
				8DF46F1821F02FDA00ABB608 /* rxconiqTests.xctest */,
				8DF46F2321F02FDA00ABB608 /* rxconiqUITests.xctest */,
			);
			name = Products;
			sourceTree = "<group>";
		};
		8DF46F0621F02FD900ABB608 /* rxconiq */ = {
			isa = PBXGroup;
			children = (
				8DF46F0721F02FD900ABB608 /* AppDelegate.swift */,
				8DF46F0921F02FD900ABB608 /* TransactionsViewController.swift */,
				8DA9360721F2F5FC0082FC70 /* TransactionsViewModel.swift */,
				8D141CD021F7036E00597C07 /* UserViewController.swift */,
				8DA9360321F239460082FC70 /* Transaction.swift */,
				8DA9360521F239590082FC70 /* User.swift */,
				8DF46F0E21F02FDA00ABB608 /* Assets.xcassets */,
				8DF46F1021F02FDA00ABB608 /* LaunchScreen.storyboard */,
				8DF46F1321F02FDA00ABB608 /* Info.plist */,
			);
			path = rxconiq;
			sourceTree = "<group>";
		};
		8DF46F1B21F02FDA00ABB608 /* rxconiqTests */ = {
			isa = PBXGroup;
			children = (
				8DF46F1C21F02FDA00ABB608 /* rxconiqTests.swift */,
				8DF46F1E21F02FDA00ABB608 /* Info.plist */,
			);
			path = rxconiqTests;
			sourceTree = "<group>";
		};
		8DF46F2621F02FDA00ABB608 /* rxconiqUITests */ = {
			isa = PBXGroup;
			children = (
				8DF46F2721F02FDA00ABB608 /* rxconiqUITests.swift */,
				8DF46F2921F02FDA00ABB608 /* Info.plist */,
			);
			path = rxconiqUITests;
			sourceTree = "<group>";
		};
/* End PBXGroup section */

/* Begin PBXNativeTarget section */
		8DF46F0321F02FD900ABB608 /* rxconiq */ = {
			isa = PBXNativeTarget;
			buildConfigurationList = 8DF46F2C21F02FDA00ABB608 /* Build configuration list for PBXNativeTarget "rxconiq" */;
			buildPhases = (
				ED59A71314B50499410A823D /* [CP] Check Pods Manifest.lock */,
				8DF46F0021F02FD900ABB608 /* Sources */,
				8DF46F0121F02FD900ABB608 /* Frameworks */,
				8DF46F0221F02FD900ABB608 /* Resources */,
				BA718C33C6DC358EA8AFAA7B /* [CP] Embed Pods Frameworks */,
			);
			buildRules = (
			);
			dependencies = (
			);
			name = rxconiq;
			productName = rxconiq;
			productReference = 8DF46F0421F02FD900ABB608 /* rxconiq.app */;
			productType = "com.apple.product-type.application";
		};
		8DF46F1721F02FDA00ABB608 /* rxconiqTests */ = {
			isa = PBXNativeTarget;
			buildConfigurationList = 8DF46F2F21F02FDA00ABB608 /* Build configuration list for PBXNativeTarget "rxconiqTests" */;
			buildPhases = (
				508F300D361798320CFB2330 /* [CP] Check Pods Manifest.lock */,
				8DF46F1421F02FDA00ABB608 /* Sources */,
				8DF46F1521F02FDA00ABB608 /* Frameworks */,
				8DF46F1621F02FDA00ABB608 /* Resources */,
				CC5F87596A3C5CE083E9B8C7 /* [CP] Embed Pods Frameworks */,
			);
			buildRules = (
			);
			dependencies = (
				8DF46F1A21F02FDA00ABB608 /* PBXTargetDependency */,
			);
			name = rxconiqTests;
			productName = rxconiqTests;
			productReference = 8DF46F1821F02FDA00ABB608 /* rxconiqTests.xctest */;
			productType = "com.apple.product-type.bundle.unit-test";
		};
		8DF46F2221F02FDA00ABB608 /* rxconiqUITests */ = {
			isa = PBXNativeTarget;
			buildConfigurationList = 8DF46F3221F02FDA00ABB608 /* Build configuration list for PBXNativeTarget "rxconiqUITests" */;
			buildPhases = (
				8DF46F1F21F02FDA00ABB608 /* Sources */,
				8DF46F2021F02FDA00ABB608 /* Frameworks */,
				8DF46F2121F02FDA00ABB608 /* Resources */,
			);
			buildRules = (
			);
			dependencies = (
				8DF46F2521F02FDA00ABB608 /* PBXTargetDependency */,
			);
			name = rxconiqUITests;
			productName = rxconiqUITests;
			productReference = 8DF46F2321F02FDA00ABB608 /* rxconiqUITests.xctest */;
			productType = "com.apple.product-type.bundle.ui-testing";
		};
/* End PBXNativeTarget section */

/* Begin PBXProject section */
		8DF46EFC21F02FD900ABB608 /* Project object */ = {
			isa = PBXProject;
			attributes = {
				LastSwiftUpdateCheck = 1010;
				LastUpgradeCheck = 1010;
				ORGANIZATIONNAME = boska;
				TargetAttributes = {
					8DF46F0321F02FD900ABB608 = {
						CreatedOnToolsVersion = 10.1;
					};
					8DF46F1721F02FDA00ABB608 = {
						CreatedOnToolsVersion = 10.1;
						TestTargetID = 8DF46F0321F02FD900ABB608;
					};
					8DF46F2221F02FDA00ABB608 = {
						CreatedOnToolsVersion = 10.1;
						TestTargetID = 8DF46F0321F02FD900ABB608;
					};
				};
			};
			buildConfigurationList = 8DF46EFF21F02FD900ABB608 /* Build configuration list for PBXProject "rxconiq" */;
			compatibilityVersion = "Xcode 9.3";
			developmentRegion = en;
			hasScannedForEncodings = 0;
			knownRegions = (
				en,
				Base,
			);
			mainGroup = 8DF46EFB21F02FD900ABB608;
			productRefGroup = 8DF46F0521F02FD900ABB608 /* Products */;
			projectDirPath = "";
			projectRoot = "";
			targets = (
				8DF46F0321F02FD900ABB608 /* rxconiq */,
				8DF46F1721F02FDA00ABB608 /* rxconiqTests */,
				8DF46F2221F02FDA00ABB608 /* rxconiqUITests */,
			);
		};
/* End PBXProject section */

/* Begin PBXResourcesBuildPhase section */
		8DF46F0221F02FD900ABB608 /* Resources */ = {
			isa = PBXResourcesBuildPhase;
			buildActionMask = 2147483647;
			files = (
				8DF46F1221F02FDA00ABB608 /* LaunchScreen.storyboard in Resources */,
				8DF46F0F21F02FDA00ABB608 /* Assets.xcassets in Resources */,
			);
			runOnlyForDeploymentPostprocessing = 0;
		};
		8DF46F1621F02FDA00ABB608 /* Resources */ = {
			isa = PBXResourcesBuildPhase;
			buildActionMask = 2147483647;
			files = (
			);
			runOnlyForDeploymentPostprocessing = 0;
		};
		8DF46F2121F02FDA00ABB608 /* Resources */ = {
			isa = PBXResourcesBuildPhase;
			buildActionMask = 2147483647;
			files = (
			);
			runOnlyForDeploymentPostprocessing = 0;
		};
/* End PBXResourcesBuildPhase section */

/* Begin PBXShellScriptBuildPhase section */
		508F300D361798320CFB2330 /* [CP] Check Pods Manifest.lock */ = {
			isa = PBXShellScriptBuildPhase;
			buildActionMask = 2147483647;
			files = (
			);
			inputFileListPaths = (
			);
			inputPaths = (
				"${PODS_PODFILE_DIR_PATH}/Podfile.lock",
				"${PODS_ROOT}/Manifest.lock",
			);
			name = "[CP] Check Pods Manifest.lock";
			outputFileListPaths = (
			);
			outputPaths = (
				"$(DERIVED_FILE_DIR)/Pods-rxconiqTests-checkManifestLockResult.txt",
			);
			runOnlyForDeploymentPostprocessing = 0;
			shellPath = /bin/sh;
			shellScript = "diff \"${PODS_PODFILE_DIR_PATH}/Podfile.lock\" \"${PODS_ROOT}/Manifest.lock\" > /dev/null\nif [ $? != 0 ] ; then\n    # print error to STDERR\n    echo \"error: The sandbox is not in sync with the Podfile.lock. Run 'pod install' or update your CocoaPods installation.\" >&2\n    exit 1\nfi\n# This output is used by Xcode 'outputs' to avoid re-running this script phase.\necho \"SUCCESS\" > \"${SCRIPT_OUTPUT_FILE_0}\"\n";
			showEnvVarsInLog = 0;
		};
		BA718C33C6DC358EA8AFAA7B /* [CP] Embed Pods Frameworks */ = {
			isa = PBXShellScriptBuildPhase;
			buildActionMask = 2147483647;
			files = (
			);
			inputFileListPaths = (
			);
			inputPaths = (
				"${PODS_ROOT}/Target Support Files/Pods-rxconiq/Pods-rxconiq-frameworks.sh",
				"${BUILT_PRODUCTS_DIR}/Alamofire/Alamofire.framework",
				"${BUILT_PRODUCTS_DIR}/Cartography/Cartography.framework",
				"${BUILT_PRODUCTS_DIR}/Differentiator/Differentiator.framework",
				"${BUILT_PRODUCTS_DIR}/RxAlamofire/RxAlamofire.framework",
				"${BUILT_PRODUCTS_DIR}/RxCocoa/RxCocoa.framework",
				"${BUILT_PRODUCTS_DIR}/RxDataSources/RxDataSources.framework",
				"${BUILT_PRODUCTS_DIR}/RxSwift/RxSwift.framework",
			);
			name = "[CP] Embed Pods Frameworks";
			outputFileListPaths = (
			);
			outputPaths = (
				"${TARGET_BUILD_DIR}/${FRAMEWORKS_FOLDER_PATH}/Alamofire.framework",
				"${TARGET_BUILD_DIR}/${FRAMEWORKS_FOLDER_PATH}/Cartography.framework",
				"${TARGET_BUILD_DIR}/${FRAMEWORKS_FOLDER_PATH}/Differentiator.framework",
				"${TARGET_BUILD_DIR}/${FRAMEWORKS_FOLDER_PATH}/RxAlamofire.framework",
				"${TARGET_BUILD_DIR}/${FRAMEWORKS_FOLDER_PATH}/RxCocoa.framework",
				"${TARGET_BUILD_DIR}/${FRAMEWORKS_FOLDER_PATH}/RxDataSources.framework",
				"${TARGET_BUILD_DIR}/${FRAMEWORKS_FOLDER_PATH}/RxSwift.framework",
			);
			runOnlyForDeploymentPostprocessing = 0;
			shellPath = /bin/sh;
			shellScript = "\"${PODS_ROOT}/Target Support Files/Pods-rxconiq/Pods-rxconiq-frameworks.sh\"\n";
			showEnvVarsInLog = 0;
		};
		CC5F87596A3C5CE083E9B8C7 /* [CP] Embed Pods Frameworks */ = {
			isa = PBXShellScriptBuildPhase;
			buildActionMask = 2147483647;
			files = (
			);
			inputFileListPaths = (
			);
			inputPaths = (
				"${PODS_ROOT}/Target Support Files/Pods-rxconiqTests/Pods-rxconiqTests-frameworks.sh",
				"${BUILT_PRODUCTS_DIR}/RxSwift/RxSwift.framework",
				"${BUILT_PRODUCTS_DIR}/RxBlocking/RxBlocking.framework",
				"${BUILT_PRODUCTS_DIR}/RxTest/RxTest.framework",
			);
			name = "[CP] Embed Pods Frameworks";
			outputFileListPaths = (
			);
			outputPaths = (
				"${TARGET_BUILD_DIR}/${FRAMEWORKS_FOLDER_PATH}/RxSwift.framework",
				"${TARGET_BUILD_DIR}/${FRAMEWORKS_FOLDER_PATH}/RxBlocking.framework",
				"${TARGET_BUILD_DIR}/${FRAMEWORKS_FOLDER_PATH}/RxTest.framework",
			);
			runOnlyForDeploymentPostprocessing = 0;
			shellPath = /bin/sh;
			shellScript = "\"${PODS_ROOT}/Target Support Files/Pods-rxconiqTests/Pods-rxconiqTests-frameworks.sh\"\n";
			showEnvVarsInLog = 0;
		};
		ED59A71314B50499410A823D /* [CP] Check Pods Manifest.lock */ = {
			isa = PBXShellScriptBuildPhase;
			buildActionMask = 2147483647;
			files = (
			);
			inputFileListPaths = (
			);
			inputPaths = (
				"${PODS_PODFILE_DIR_PATH}/Podfile.lock",
				"${PODS_ROOT}/Manifest.lock",
			);
			name = "[CP] Check Pods Manifest.lock";
			outputFileListPaths = (
			);
			outputPaths = (
				"$(DERIVED_FILE_DIR)/Pods-rxconiq-checkManifestLockResult.txt",
			);
			runOnlyForDeploymentPostprocessing = 0;
			shellPath = /bin/sh;
			shellScript = "diff \"${PODS_PODFILE_DIR_PATH}/Podfile.lock\" \"${PODS_ROOT}/Manifest.lock\" > /dev/null\nif [ $? != 0 ] ; then\n    # print error to STDERR\n    echo \"error: The sandbox is not in sync with the Podfile.lock. Run 'pod install' or update your CocoaPods installation.\" >&2\n    exit 1\nfi\n# This output is used by Xcode 'outputs' to avoid re-running this script phase.\necho \"SUCCESS\" > \"${SCRIPT_OUTPUT_FILE_0}\"\n";
			showEnvVarsInLog = 0;
		};
/* End PBXShellScriptBuildPhase section */

/* Begin PBXSourcesBuildPhase section */
		8DF46F0021F02FD900ABB608 /* Sources */ = {
			isa = PBXSourcesBuildPhase;
			buildActionMask = 2147483647;
			files = (
				8DA9360621F239590082FC70 /* User.swift in Sources */,
				8D141CD121F7036E00597C07 /* UserViewController.swift in Sources */,
				8DA9360821F2F5FC0082FC70 /* TransactionsViewModel.swift in Sources */,
				8DF46F0A21F02FD900ABB608 /* TransactionsViewController.swift in Sources */,
				8DF46F0821F02FD900ABB608 /* AppDelegate.swift in Sources */,
				8DA9360421F239460082FC70 /* Transaction.swift in Sources */,
			);
			runOnlyForDeploymentPostprocessing = 0;
		};
		8DF46F1421F02FDA00ABB608 /* Sources */ = {
			isa = PBXSourcesBuildPhase;
			buildActionMask = 2147483647;
			files = (
				8DF46F1D21F02FDA00ABB608 /* rxconiqTests.swift in Sources */,
			);
			runOnlyForDeploymentPostprocessing = 0;
		};
		8DF46F1F21F02FDA00ABB608 /* Sources */ = {
			isa = PBXSourcesBuildPhase;
			buildActionMask = 2147483647;
			files = (
				8DF46F2821F02FDA00ABB608 /* rxconiqUITests.swift in Sources */,
			);
			runOnlyForDeploymentPostprocessing = 0;
		};
/* End PBXSourcesBuildPhase section */

/* Begin PBXTargetDependency section */
		8DF46F1A21F02FDA00ABB608 /* PBXTargetDependency */ = {
			isa = PBXTargetDependency;
			target = 8DF46F0321F02FD900ABB608 /* rxconiq */;
			targetProxy = 8DF46F1921F02FDA00ABB608 /* PBXContainerItemProxy */;
		};
		8DF46F2521F02FDA00ABB608 /* PBXTargetDependency */ = {
			isa = PBXTargetDependency;
			target = 8DF46F0321F02FD900ABB608 /* rxconiq */;
			targetProxy = 8DF46F2421F02FDA00ABB608 /* PBXContainerItemProxy */;
		};
/* End PBXTargetDependency section */

/* Begin PBXVariantGroup section */
		8DF46F1021F02FDA00ABB608 /* LaunchScreen.storyboard */ = {
			isa = PBXVariantGroup;
			children = (
				8DF46F1121F02FDA00ABB608 /* Base */,
			);
			name = LaunchScreen.storyboard;
			sourceTree = "<group>";
		};
/* End PBXVariantGroup section */

/* Begin XCBuildConfiguration section */
		8DF46F2A21F02FDA00ABB608 /* Debug */ = {
			isa = XCBuildConfiguration;
			buildSettings = {
				ALWAYS_SEARCH_USER_PATHS = NO;
				CLANG_ANALYZER_NONNULL = YES;
				CLANG_ANALYZER_NUMBER_OBJECT_CONVERSION = YES_AGGRESSIVE;
				CLANG_CXX_LANGUAGE_STANDARD = "gnu++14";
				CLANG_CXX_LIBRARY = "libc++";
				CLANG_ENABLE_MODULES = YES;
				CLANG_ENABLE_OBJC_ARC = YES;
				CLANG_ENABLE_OBJC_WEAK = YES;
				CLANG_WARN_BLOCK_CAPTURE_AUTORELEASING = YES;
				CLANG_WARN_BOOL_CONVERSION = YES;
				CLANG_WARN_COMMA = YES;
				CLANG_WARN_CONSTANT_CONVERSION = YES;
				CLANG_WARN_DEPRECATED_OBJC_IMPLEMENTATIONS = YES;
				CLANG_WARN_DIRECT_OBJC_ISA_USAGE = YES_ERROR;
				CLANG_WARN_DOCUMENTATION_COMMENTS = YES;
				CLANG_WARN_EMPTY_BODY = YES;
				CLANG_WARN_ENUM_CONVERSION = YES;
				CLANG_WARN_INFINITE_RECURSION = YES;
				CLANG_WARN_INT_CONVERSION = YES;
				CLANG_WARN_NON_LITERAL_NULL_CONVERSION = YES;
				CLANG_WARN_OBJC_IMPLICIT_RETAIN_SELF = YES;
				CLANG_WARN_OBJC_LITERAL_CONVERSION = YES;
				CLANG_WARN_OBJC_ROOT_CLASS = YES_ERROR;
				CLANG_WARN_RANGE_LOOP_ANALYSIS = YES;
				CLANG_WARN_STRICT_PROTOTYPES = YES;
				CLANG_WARN_SUSPICIOUS_MOVE = YES;
				CLANG_WARN_UNGUARDED_AVAILABILITY = YES_AGGRESSIVE;
				CLANG_WARN_UNREACHABLE_CODE = YES;
				CLANG_WARN__DUPLICATE_METHOD_MATCH = YES;
				CODE_SIGN_IDENTITY = "iPhone Developer";
				COPY_PHASE_STRIP = NO;
				DEBUG_INFORMATION_FORMAT = dwarf;
				ENABLE_STRICT_OBJC_MSGSEND = YES;
				ENABLE_TESTABILITY = YES;
				GCC_C_LANGUAGE_STANDARD = gnu11;
				GCC_DYNAMIC_NO_PIC = NO;
				GCC_NO_COMMON_BLOCKS = YES;
				GCC_OPTIMIZATION_LEVEL = 0;
				GCC_PREPROCESSOR_DEFINITIONS = (
					"DEBUG=1",
					"$(inherited)",
				);
				GCC_WARN_64_TO_32_BIT_CONVERSION = YES;
				GCC_WARN_ABOUT_RETURN_TYPE = YES_ERROR;
				GCC_WARN_UNDECLARED_SELECTOR = YES;
				GCC_WARN_UNINITIALIZED_AUTOS = YES_AGGRESSIVE;
				GCC_WARN_UNUSED_FUNCTION = YES;
				GCC_WARN_UNUSED_VARIABLE = YES;
				IPHONEOS_DEPLOYMENT_TARGET = 12.1;
				MTL_ENABLE_DEBUG_INFO = INCLUDE_SOURCE;
				MTL_FAST_MATH = YES;
				ONLY_ACTIVE_ARCH = YES;
				SDKROOT = iphoneos;
				SWIFT_ACTIVE_COMPILATION_CONDITIONS = DEBUG;
				SWIFT_OPTIMIZATION_LEVEL = "-Onone";
			};
			name = Debug;
		};
		8DF46F2B21F02FDA00ABB608 /* Release */ = {
			isa = XCBuildConfiguration;
			buildSettings = {
				ALWAYS_SEARCH_USER_PATHS = NO;
				CLANG_ANALYZER_NONNULL = YES;
				CLANG_ANALYZER_NUMBER_OBJECT_CONVERSION = YES_AGGRESSIVE;
				CLANG_CXX_LANGUAGE_STANDARD = "gnu++14";
				CLANG_CXX_LIBRARY = "libc++";
				CLANG_ENABLE_MODULES = YES;
				CLANG_ENABLE_OBJC_ARC = YES;
				CLANG_ENABLE_OBJC_WEAK = YES;
				CLANG_WARN_BLOCK_CAPTURE_AUTORELEASING = YES;
				CLANG_WARN_BOOL_CONVERSION = YES;
				CLANG_WARN_COMMA = YES;
				CLANG_WARN_CONSTANT_CONVERSION = YES;
				CLANG_WARN_DEPRECATED_OBJC_IMPLEMENTATIONS = YES;
				CLANG_WARN_DIRECT_OBJC_ISA_USAGE = YES_ERROR;
				CLANG_WARN_DOCUMENTATION_COMMENTS = YES;
				CLANG_WARN_EMPTY_BODY = YES;
				CLANG_WARN_ENUM_CONVERSION = YES;
				CLANG_WARN_INFINITE_RECURSION = YES;
				CLANG_WARN_INT_CONVERSION = YES;
				CLANG_WARN_NON_LITERAL_NULL_CONVERSION = YES;
				CLANG_WARN_OBJC_IMPLICIT_RETAIN_SELF = YES;
				CLANG_WARN_OBJC_LITERAL_CONVERSION = YES;
				CLANG_WARN_OBJC_ROOT_CLASS = YES_ERROR;
				CLANG_WARN_RANGE_LOOP_ANALYSIS = YES;
				CLANG_WARN_STRICT_PROTOTYPES = YES;
				CLANG_WARN_SUSPICIOUS_MOVE = YES;
				CLANG_WARN_UNGUARDED_AVAILABILITY = YES_AGGRESSIVE;
				CLANG_WARN_UNREACHABLE_CODE = YES;
				CLANG_WARN__DUPLICATE_METHOD_MATCH = YES;
				CODE_SIGN_IDENTITY = "iPhone Developer";
				COPY_PHASE_STRIP = NO;
				DEBUG_INFORMATION_FORMAT = "dwarf-with-dsym";
				ENABLE_NS_ASSERTIONS = NO;
				ENABLE_STRICT_OBJC_MSGSEND = YES;
				GCC_C_LANGUAGE_STANDARD = gnu11;
				GCC_NO_COMMON_BLOCKS = YES;
				GCC_WARN_64_TO_32_BIT_CONVERSION = YES;
				GCC_WARN_ABOUT_RETURN_TYPE = YES_ERROR;
				GCC_WARN_UNDECLARED_SELECTOR = YES;
				GCC_WARN_UNINITIALIZED_AUTOS = YES_AGGRESSIVE;
				GCC_WARN_UNUSED_FUNCTION = YES;
				GCC_WARN_UNUSED_VARIABLE = YES;
				IPHONEOS_DEPLOYMENT_TARGET = 12.1;
				MTL_ENABLE_DEBUG_INFO = NO;
				MTL_FAST_MATH = YES;
				SDKROOT = iphoneos;
				SWIFT_COMPILATION_MODE = wholemodule;
				SWIFT_OPTIMIZATION_LEVEL = "-O";
				VALIDATE_PRODUCT = YES;
			};
			name = Release;
		};
		8DF46F2D21F02FDA00ABB608 /* Debug */ = {
			isa = XCBuildConfiguration;
			baseConfigurationReference = C1E74EB3F8B546E67E38622E /* Pods-rxconiq.debug.xcconfig */;
			buildSettings = {
				ASSETCATALOG_COMPILER_APPICON_NAME = AppIcon;
				CODE_SIGN_STYLE = Automatic;
				DEVELOPMENT_TEAM = 3D3CBPB7SW;
				INFOPLIST_FILE = rxconiq/Info.plist;
				LD_RUNPATH_SEARCH_PATHS = (
					"$(inherited)",
					"@executable_path/Frameworks",
				);
				PRODUCT_BUNDLE_IDENTIFIER = com.boska.rxconiq;
				PRODUCT_NAME = "$(TARGET_NAME)";
				SWIFT_VERSION = 4.2;
				TARGETED_DEVICE_FAMILY = "1,2";
			};
			name = Debug;
		};
		8DF46F2E21F02FDA00ABB608 /* Release */ = {
			isa = XCBuildConfiguration;
			baseConfigurationReference = 6AFB1F66C4D1D2386D958DC8 /* Pods-rxconiq.release.xcconfig */;
			buildSettings = {
				ASSETCATALOG_COMPILER_APPICON_NAME = AppIcon;
				CODE_SIGN_STYLE = Automatic;
				DEVELOPMENT_TEAM = 3D3CBPB7SW;
				INFOPLIST_FILE = rxconiq/Info.plist;
				LD_RUNPATH_SEARCH_PATHS = (
					"$(inherited)",
					"@executable_path/Frameworks",
				);
				PRODUCT_BUNDLE_IDENTIFIER = com.boska.rxconiq;
				PRODUCT_NAME = "$(TARGET_NAME)";
				SWIFT_VERSION = 4.2;
				TARGETED_DEVICE_FAMILY = "1,2";
			};
			name = Release;
		};
		8DF46F3021F02FDA00ABB608 /* Debug */ = {
			isa = XCBuildConfiguration;
			baseConfigurationReference = 3187C0C8FEF07E61D24BF936 /* Pods-rxconiqTests.debug.xcconfig */;
			buildSettings = {
				ALWAYS_EMBED_SWIFT_STANDARD_LIBRARIES = "$(inherited)";
				BUNDLE_LOADER = "$(TEST_HOST)";
				CODE_SIGN_STYLE = Automatic;
				DEVELOPMENT_TEAM = 3D3CBPB7SW;
				INFOPLIST_FILE = rxconiqTests/Info.plist;
				LD_RUNPATH_SEARCH_PATHS = (
					"$(inherited)",
					"@executable_path/Frameworks",
					"@loader_path/Frameworks",
				);
				PRODUCT_BUNDLE_IDENTIFIER = com.boska.rxconiqTests;
				PRODUCT_NAME = "$(TARGET_NAME)";
				SWIFT_VERSION = 4.2;
				TARGETED_DEVICE_FAMILY = "1,2";
				TEST_HOST = "$(BUILT_PRODUCTS_DIR)/rxconiq.app/rxconiq";
			};
			name = Debug;
		};
		8DF46F3121F02FDA00ABB608 /* Release */ = {
			isa = XCBuildConfiguration;
			baseConfigurationReference = 58E0388CE8991CF65DC274CD /* Pods-rxconiqTests.release.xcconfig */;
			buildSettings = {
				ALWAYS_EMBED_SWIFT_STANDARD_LIBRARIES = "$(inherited)";
				BUNDLE_LOADER = "$(TEST_HOST)";
				CODE_SIGN_STYLE = Automatic;
				DEVELOPMENT_TEAM = 3D3CBPB7SW;
				INFOPLIST_FILE = rxconiqTests/Info.plist;
				LD_RUNPATH_SEARCH_PATHS = (
					"$(inherited)",
					"@executable_path/Frameworks",
					"@loader_path/Frameworks",
				);
				PRODUCT_BUNDLE_IDENTIFIER = com.boska.rxconiqTests;
				PRODUCT_NAME = "$(TARGET_NAME)";
				SWIFT_VERSION = 4.2;
				TARGETED_DEVICE_FAMILY = "1,2";
				TEST_HOST = "$(BUILT_PRODUCTS_DIR)/rxconiq.app/rxconiq";
			};
			name = Release;
		};
		8DF46F3321F02FDA00ABB608 /* Debug */ = {
			isa = XCBuildConfiguration;
			buildSettings = {
				ALWAYS_EMBED_SWIFT_STANDARD_LIBRARIES = YES;
				CODE_SIGN_STYLE = Automatic;
				DEVELOPMENT_TEAM = 3D3CBPB7SW;
				INFOPLIST_FILE = rxconiqUITests/Info.plist;
				LD_RUNPATH_SEARCH_PATHS = (
					"$(inherited)",
					"@executable_path/Frameworks",
					"@loader_path/Frameworks",
				);
				PRODUCT_BUNDLE_IDENTIFIER = com.boska.rxconiqUITests;
				PRODUCT_NAME = "$(TARGET_NAME)";
				SWIFT_VERSION = 4.2;
				TARGETED_DEVICE_FAMILY = "1,2";
				TEST_TARGET_NAME = rxconiq;
			};
			name = Debug;
		};
		8DF46F3421F02FDA00ABB608 /* Release */ = {
			isa = XCBuildConfiguration;
			buildSettings = {
				ALWAYS_EMBED_SWIFT_STANDARD_LIBRARIES = YES;
				CODE_SIGN_STYLE = Automatic;
				DEVELOPMENT_TEAM = 3D3CBPB7SW;
				INFOPLIST_FILE = rxconiqUITests/Info.plist;
				LD_RUNPATH_SEARCH_PATHS = (
					"$(inherited)",
					"@executable_path/Frameworks",
					"@loader_path/Frameworks",
				);
				PRODUCT_BUNDLE_IDENTIFIER = com.boska.rxconiqUITests;
				PRODUCT_NAME = "$(TARGET_NAME)";
				SWIFT_VERSION = 4.2;
				TARGETED_DEVICE_FAMILY = "1,2";
				TEST_TARGET_NAME = rxconiq;
			};
			name = Release;
		};
/* End XCBuildConfiguration section */

/* Begin XCConfigurationList section */
		8DF46EFF21F02FD900ABB608 /* Build configuration list for PBXProject "rxconiq" */ = {
			isa = XCConfigurationList;
			buildConfigurations = (
				8DF46F2A21F02FDA00ABB608 /* Debug */,
				8DF46F2B21F02FDA00ABB608 /* Release */,
			);
			defaultConfigurationIsVisible = 0;
			defaultConfigurationName = Release;
		};
		8DF46F2C21F02FDA00ABB608 /* Build configuration list for PBXNativeTarget "rxconiq" */ = {
			isa = XCConfigurationList;
			buildConfigurations = (
				8DF46F2D21F02FDA00ABB608 /* Debug */,
				8DF46F2E21F02FDA00ABB608 /* Release */,
			);
			defaultConfigurationIsVisible = 0;
			defaultConfigurationName = Release;
		};
		8DF46F2F21F02FDA00ABB608 /* Build configuration list for PBXNativeTarget "rxconiqTests" */ = {
			isa = XCConfigurationList;
			buildConfigurations = (
				8DF46F3021F02FDA00ABB608 /* Debug */,
				8DF46F3121F02FDA00ABB608 /* Release */,
			);
			defaultConfigurationIsVisible = 0;
			defaultConfigurationName = Release;
		};
		8DF46F3221F02FDA00ABB608 /* Build configuration list for PBXNativeTarget "rxconiqUITests" */ = {
			isa = XCConfigurationList;
			buildConfigurations = (
				8DF46F3321F02FDA00ABB608 /* Debug */,
				8DF46F3421F02FDA00ABB608 /* Release */,
			);
			defaultConfigurationIsVisible = 0;
			defaultConfigurationName = Release;
		};
/* End XCConfigurationList section */
	};
	rootObject = 8DF46EFC21F02FD900ABB608 /* Project object */;
}
